
Microsoft Visual Studio Solution File, Format Version 12.00
# Visual Studio 15
VisualStudioVersion = 15.0.28307.779
MinimumVisualStudioVersion = 10.0.40219.1
Project("{FAE04EC0-301F-11D3-BF4B-00C04F79EFBC}") = "ScoreBoard", "ScoreBoard\ScoreBoard.csproj", "{3C8B3891-8B54-4253-A4C8-83A390581548}"
EndProject
Global
	GlobalSection(SolutionConfigurationPlatforms) = preSolution
		Debug|Any CPU = Debug|Any CPU
		Release|Any CPU = Release|Any CPU
	EndGlobalSection
	GlobalSection(ProjectConfigurationPlatforms) = postSolution
		{3C8B3891-8B54-4253-A4C8-83A390581548}.Debug|Any CPU.ActiveCfg = Debug|Any CPU
		{3C8B3891-8B54-4253-A4C8-83A390581548}.Debug|Any CPU.Build.0 = Debug|Any CPU
		{3C8B3891-8B54-4253-A4C8-83A390581548}.Release|Any CPU.ActiveCfg = Release|Any CPU
		{3C8B3891-8B54-4253-A4C8-83A390581548}.Release|Any CPU.Build.0 = Release|Any CPU
	EndGlobalSection
	GlobalSection(SolutionProperties) = preSolution
		HideSolutionNode = FALSE
	EndGlobalSection
	GlobalSection(ExtensibilityGlobals) = postSolution
		SolutionGuid = {7A6C4064-8B54-4A92-85CF-FB78AE7F26E0}
	EndGlobalSection
EndGlobal
